
Microsoft Visual Studio Solution File, Format Version 12.00
# Visual Studio Version 17
VisualStudioVersion = 17.0.32126.317
MinimumVisualStudioVersion = 10.0.40219.1
Project("{9A19103F-16F7-4668-BE54-9A1E7A4F7556}") = "Presentacion", "Singleton\Presentacion.csproj", "{1F585187-8B47-4DD6-BB71-FD194BC1DFC6}"
EndProject
Project("{FAE04EC0-301F-11D3-BF4B-00C04F79EFBC}") = "Negocio", "Negocio2\Negocio.csproj", "{FFA5BD9C-811D-4CD1-A977-1E82D584307B}"
EndProject
Project("{FAE04EC0-301F-11D3-BF4B-00C04F79EFBC}") = "Datos", "Datos\Datos.csproj", "{A733E27E-8DA8-4784-94A7-DCBBE1B14A26}"
EndProject
Global
	GlobalSection(SolutionConfigurationPlatforms) = preSolution
		Debug|Any CPU = Debug|Any CPU
		Release|Any CPU = Release|Any CPU
	EndGlobalSection
	GlobalSection(ProjectConfigurationPlatforms) = postSolution
		{1F585187-8B47-4DD6-BB71-FD194BC1DFC6}.Debug|Any CPU.ActiveCfg = Debug|Any CPU
		{1F585187-8B47-4DD6-BB71-FD194BC1DFC6}.Debug|Any CPU.Build.0 = Debug|Any CPU
		{1F585187-8B47-4DD6-BB71-FD194BC1DFC6}.Release|Any CPU.ActiveCfg = Release|Any CPU
		{1F585187-8B47-4DD6-BB71-FD194BC1DFC6}.Release|Any CPU.Build.0 = Release|Any CPU
		{FFA5BD9C-811D-4CD1-A977-1E82D584307B}.Debug|Any CPU.ActiveCfg = Debug|Any CPU
		{FFA5BD9C-811D-4CD1-A977-1E82D584307B}.Debug|Any CPU.Build.0 = Debug|Any CPU
		{FFA5BD9C-811D-4CD1-A977-1E82D584307B}.Release|Any CPU.ActiveCfg = Release|Any CPU
		{FFA5BD9C-811D-4CD1-A977-1E82D584307B}.Release|Any CPU.Build.0 = Release|Any CPU
		{A733E27E-8DA8-4784-94A7-DCBBE1B14A26}.Debug|Any CPU.ActiveCfg = Debug|Any CPU
		{A733E27E-8DA8-4784-94A7-DCBBE1B14A26}.Debug|Any CPU.Build.0 = Debug|Any CPU
		{A733E27E-8DA8-4784-94A7-DCBBE1B14A26}.Release|Any CPU.ActiveCfg = Release|Any CPU
		{A733E27E-8DA8-4784-94A7-DCBBE1B14A26}.Release|Any CPU.Build.0 = Release|Any CPU
	EndGlobalSection
	GlobalSection(SolutionProperties) = preSolution
		HideSolutionNode = FALSE
	EndGlobalSection
	GlobalSection(ExtensibilityGlobals) = postSolution
		SolutionGuid = {8D1CFA51-DF45-48B9-9A91-5946968DB8B4}
	EndGlobalSection
EndGlobal
